
Microsoft Visual Studio Solution File, Format Version 12.00
# Visual Studio Version 17
VisualStudioVersion = 17.7.34202.233
MinimumVisualStudioVersion = 10.0.40219.1
Project("{FAE04EC0-301F-11D3-BF4B-00C04F79EFBC}") = "Veterinaria Web", "Veterinaria Web.csproj", "{BC91A08A-78E3-4E55-AB85-B78FA04D7DDC}"
EndProject
Global
	GlobalSection(SolutionConfigurationPlatforms) = preSolution
		Debug|Any CPU = Debug|Any CPU
		Release|Any CPU = Release|Any CPU
	EndGlobalSection
	GlobalSection(ProjectConfigurationPlatforms) = postSolution
		{BC91A08A-78E3-4E55-AB85-B78FA04D7DDC}.Debug|Any CPU.ActiveCfg = Debug|Any CPU
		{BC91A08A-78E3-4E55-AB85-B78FA04D7DDC}.Debug|Any CPU.Build.0 = Debug|Any CPU
		{BC91A08A-78E3-4E55-AB85-B78FA04D7DDC}.Release|Any CPU.ActiveCfg = Release|Any CPU
		{BC91A08A-78E3-4E55-AB85-B78FA04D7DDC}.Release|Any CPU.Build.0 = Release|Any CPU
	EndGlobalSection
	GlobalSection(SolutionProperties) = preSolution
		HideSolutionNode = FALSE
	EndGlobalSection
	GlobalSection(ExtensibilityGlobals) = postSolution
		SolutionGuid = {79F80A0D-AF7E-4A27-8C35-935F85E621A7}
	EndGlobalSection
EndGlobal
